
Microsoft Visual Studio Solution File, Format Version 12.00
# Visual Studio Version 17
VisualStudioVersion = 17.0.31903.59
MinimumVisualStudioVersion = 10.0.40219.1
Project("{2150E333-8FDC-42A3-9474-1A3956D46DE8}") = "backend", "backend", "{1AE8ACA6-933B-BF2A-3671-3E2EAC007D16}"
EndProject
Project("{2150E333-8FDC-42A3-9474-1A3956D46DE8}") = "Domain", "Domain", "{E207081A-50CB-EAEE-EA3C-82FAA7B89B45}"
EndProject
Project("{FAE04EC0-301F-11D3-BF4B-00C04F79EFBC}") = "GameApi.Domain", "backend\Domain\GameApi.Domain.csproj", "{5B9E7239-EDB4-4E95-AFDD-D46EB0378690}"
EndProject
Project("{2150E333-8FDC-42A3-9474-1A3956D46DE8}") = "Application", "Application", "{33FD244D-51BC-CAC7-0C9F-80EE60BF9967}"
EndProject
Project("{FAE04EC0-301F-11D3-BF4B-00C04F79EFBC}") = "GameApi.Application", "backend\Application\GameApi.Application.csproj", "{4CC75364-D04B-4787-A716-15DDF1897F7F}"
EndProject
Project("{2150E333-8FDC-42A3-9474-1A3956D46DE8}") = "Infrastructure", "Infrastructure", "{8D1106A4-B260-37DC-E636-64C7E8341F7E}"
EndProject
Project("{FAE04EC0-301F-11D3-BF4B-00C04F79EFBC}") = "GameApi.Infrastructure", "backend\Infrastructure\GameApi.Infrastructure.csproj", "{EC82541F-839D-435E-A08C-B0D4BD92A840}"
EndProject
Project("{2150E333-8FDC-42A3-9474-1A3956D46DE8}") = "Presentation.Api", "Presentation.Api", "{63227165-D14F-7800-ED61-28B0DAB96F3E}"
EndProject
Project("{FAE04EC0-301F-11D3-BF4B-00C04F79EFBC}") = "GameApi.Presentation", "backend\Presentation.Api\GameApi.Presentation.csproj", "{45A70B56-60B8-446F-9744-4E7A5CF02B23}"
EndProject
Global
	GlobalSection(SolutionConfigurationPlatforms) = preSolution
		Debug|Any CPU = Debug|Any CPU
		Debug|x64 = Debug|x64
		Debug|x86 = Debug|x86
		Release|Any CPU = Release|Any CPU
		Release|x64 = Release|x64
		Release|x86 = Release|x86
	EndGlobalSection
	GlobalSection(ProjectConfigurationPlatforms) = postSolution
		{5B9E7239-EDB4-4E95-AFDD-D46EB0378690}.Debug|Any CPU.ActiveCfg = Debug|Any CPU
		{5B9E7239-EDB4-4E95-AFDD-D46EB0378690}.Debug|Any CPU.Build.0 = Debug|Any CPU
		{5B9E7239-EDB4-4E95-AFDD-D46EB0378690}.Debug|x64.ActiveCfg = Debug|Any CPU
		{5B9E7239-EDB4-4E95-AFDD-D46EB0378690}.Debug|x64.Build.0 = Debug|Any CPU
		{5B9E7239-EDB4-4E95-AFDD-D46EB0378690}.Debug|x86.ActiveCfg = Debug|Any CPU
		{5B9E7239-EDB4-4E95-AFDD-D46EB0378690}.Debug|x86.Build.0 = Debug|Any CPU
		{5B9E7239-EDB4-4E95-AFDD-D46EB0378690}.Release|Any CPU.ActiveCfg = Release|Any CPU
		{5B9E7239-EDB4-4E95-AFDD-D46EB0378690}.Release|Any CPU.Build.0 = Release|Any CPU
		{5B9E7239-EDB4-4E95-AFDD-D46EB0378690}.Release|x64.ActiveCfg = Release|Any CPU
		{5B9E7239-EDB4-4E95-AFDD-D46EB0378690}.Release|x64.Build.0 = Release|Any CPU
		{5B9E7239-EDB4-4E95-AFDD-D46EB0378690}.Release|x86.ActiveCfg = Release|Any CPU
		{5B9E7239-EDB4-4E95-AFDD-D46EB0378690}.Release|x86.Build.0 = Release|Any CPU
		{4CC75364-D04B-4787-A716-15DDF1897F7F}.Debug|Any CPU.ActiveCfg = Debug|Any CPU
		{4CC75364-D04B-4787-A716-15DDF1897F7F}.Debug|Any CPU.Build.0 = Debug|Any CPU
		{4CC75364-D04B-4787-A716-15DDF1897F7F}.Debug|x64.ActiveCfg = Debug|Any CPU
		{4CC75364-D04B-4787-A716-15DDF1897F7F}.Debug|x64.Build.0 = Debug|Any CPU
		{4CC75364-D04B-4787-A716-15DDF1897F7F}.Debug|x86.ActiveCfg = Debug|Any CPU
		{4CC75364-D04B-4787-A716-15DDF1897F7F}.Debug|x86.Build.0 = Debug|Any CPU
		{4CC75364-D04B-4787-A716-15DDF1897F7F}.Release|Any CPU.ActiveCfg = Release|Any CPU
		{4CC75364-D04B-4787-A716-15DDF1897F7F}.Release|Any CPU.Build.0 = Release|Any CPU
		{4CC75364-D04B-4787-A716-15DDF1897F7F}.Release|x64.ActiveCfg = Release|Any CPU
		{4CC75364-D04B-4787-A716-15DDF1897F7F}.Release|x64.Build.0 = Release|Any CPU
		{4CC75364-D04B-4787-A716-15DDF1897F7F}.Release|x86.ActiveCfg = Release|Any CPU
		{4CC75364-D04B-4787-A716-15DDF1897F7F}.Release|x86.Build.0 = Release|Any CPU
		{EC82541F-839D-435E-A08C-B0D4BD92A840}.Debug|Any CPU.ActiveCfg = Debug|Any CPU
		{EC82541F-839D-435E-A08C-B0D4BD92A840}.Debug|Any CPU.Build.0 = Debug|Any CPU
		{EC82541F-839D-435E-A08C-B0D4BD92A840}.Debug|x64.ActiveCfg = Debug|Any CPU
		{EC82541F-839D-435E-A08C-B0D4BD92A840}.Debug|x64.Build.0 = Debug|Any CPU
		{EC82541F-839D-435E-A08C-B0D4BD92A840}.Debug|x86.ActiveCfg = Debug|Any CPU
		{EC82541F-839D-435E-A08C-B0D4BD92A840}.Debug|x86.Build.0 = Debug|Any CPU
		{EC82541F-839D-435E-A08C-B0D4BD92A840}.Release|Any CPU.ActiveCfg = Release|Any CPU
		{EC82541F-839D-435E-A08C-B0D4BD92A840}.Release|Any CPU.Build.0 = Release|Any CPU
		{EC82541F-839D-435E-A08C-B0D4BD92A840}.Release|x64.ActiveCfg = Release|Any CPU
		{EC82541F-839D-435E-A08C-B0D4BD92A840}.Release|x64.Build.0 = Release|Any CPU
		{EC82541F-839D-435E-A08C-B0D4BD92A840}.Release|x86.ActiveCfg = Release|Any CPU
		{EC82541F-839D-435E-A08C-B0D4BD92A840}.Release|x86.Build.0 = Release|Any CPU
		{45A70B56-60B8-446F-9744-4E7A5CF02B23}.Debug|Any CPU.ActiveCfg = Debug|Any CPU
		{45A70B56-60B8-446F-9744-4E7A5CF02B23}.Debug|Any CPU.Build.0 = Debug|Any CPU
		{45A70B56-60B8-446F-9744-4E7A5CF02B23}.Debug|x64.ActiveCfg = Debug|Any CPU
		{45A70B56-60B8-446F-9744-4E7A5CF02B23}.Debug|x64.Build.0 = Debug|Any CPU
		{45A70B56-60B8-446F-9744-4E7A5CF02B23}.Debug|x86.ActiveCfg = Debug|Any CPU
		{45A70B56-60B8-446F-9744-4E7A5CF02B23}.Debug|x86.Build.0 = Debug|Any CPU
		{45A70B56-60B8-446F-9744-4E7A5CF02B23}.Release|Any CPU.ActiveCfg = Release|Any CPU
		{45A70B56-60B8-446F-9744-4E7A5CF02B23}.Release|Any CPU.Build.0 = Release|Any CPU
		{45A70B56-60B8-446F-9744-4E7A5CF02B23}.Release|x64.ActiveCfg = Release|Any CPU
		{45A70B56-60B8-446F-9744-4E7A5CF02B23}.Release|x64.Build.0 = Release|Any CPU
		{45A70B56-60B8-446F-9744-4E7A5CF02B23}.Release|x86.ActiveCfg = Release|Any CPU
		{45A70B56-60B8-446F-9744-4E7A5CF02B23}.Release|x86.Build.0 = Release|Any CPU
	EndGlobalSection
	GlobalSection(SolutionProperties) = preSolution
		HideSolutionNode = FALSE
	EndGlobalSection
	GlobalSection(NestedProjects) = preSolution
		{E207081A-50CB-EAEE-EA3C-82FAA7B89B45} = {1AE8ACA6-933B-BF2A-3671-3E2EAC007D16}
		{5B9E7239-EDB4-4E95-AFDD-D46EB0378690} = {E207081A-50CB-EAEE-EA3C-82FAA7B89B45}
		{33FD244D-51BC-CAC7-0C9F-80EE60BF9967} = {1AE8ACA6-933B-BF2A-3671-3E2EAC007D16}
		{4CC75364-D04B-4787-A716-15DDF1897F7F} = {33FD244D-51BC-CAC7-0C9F-80EE60BF9967}
		{8D1106A4-B260-37DC-E636-64C7E8341F7E} = {1AE8ACA6-933B-BF2A-3671-3E2EAC007D16}
		{EC82541F-839D-435E-A08C-B0D4BD92A840} = {8D1106A4-B260-37DC-E636-64C7E8341F7E}
		{63227165-D14F-7800-ED61-28B0DAB96F3E} = {1AE8ACA6-933B-BF2A-3671-3E2EAC007D16}
		{45A70B56-60B8-446F-9744-4E7A5CF02B23} = {63227165-D14F-7800-ED61-28B0DAB96F3E}
	EndGlobalSection
EndGlobal
